
Microsoft Visual Studio Solution File, Format Version 12.00
# Visual Studio Version 17
VisualStudioVersion = 17.9.34607.119
MinimumVisualStudioVersion = 10.0.40219.1
Project("{F184B08F-C81C-45F6-A57F-5ABD9991F28F}") = "Noblep Mobile Money", "Noblep Mobile Money\Noblep Mobile Money.vbproj", "{12A4B366-F200-4B1F-9C30-D0865A7FB79B}"
EndProject
Global
	GlobalSection(SolutionConfigurationPlatforms) = preSolution
		Debug|Any CPU = Debug|Any CPU
		Release|Any CPU = Release|Any CPU
	EndGlobalSection
	GlobalSection(ProjectConfigurationPlatforms) = postSolution
		{12A4B366-F200-4B1F-9C30-D0865A7FB79B}.Debug|Any CPU.ActiveCfg = Debug|Any CPU
		{12A4B366-F200-4B1F-9C30-D0865A7FB79B}.Debug|Any CPU.Build.0 = Debug|Any CPU
		{12A4B366-F200-4B1F-9C30-D0865A7FB79B}.Release|Any CPU.ActiveCfg = Release|Any CPU
		{12A4B366-F200-4B1F-9C30-D0865A7FB79B}.Release|Any CPU.Build.0 = Release|Any CPU
	EndGlobalSection
	GlobalSection(SolutionProperties) = preSolution
		HideSolutionNode = FALSE
	EndGlobalSection
	GlobalSection(ExtensibilityGlobals) = postSolution
		SolutionGuid = {5F409397-55EA-4502-A233-8B4BAE0E85F1}
	EndGlobalSection
EndGlobal
